
Microsoft Visual Studio Solution File, Format Version 12.00
# Visual Studio Version 16
VisualStudioVersion = 16.0.31321.278
MinimumVisualStudioVersion = 10.0.40219.1
Project("{2150E333-8FDC-42A3-9474-1A3956D46DE8}") = "Api", "Api", "{A272A892-E795-42BC-A1C9-3399B4FCF3A9}"
EndProject
Project("{2150E333-8FDC-42A3-9474-1A3956D46DE8}") = "仓储层", "仓储层", "{ED12F82B-6C35-4203-A6D8-D3E0B45290B6}"
EndProject
Project("{2150E333-8FDC-42A3-9474-1A3956D46DE8}") = "公共层", "公共层", "{87B957F2-AA26-4579-BD1D-6334A4B05C47}"
EndProject
Project("{2150E333-8FDC-42A3-9474-1A3956D46DE8}") = "实体层", "实体层", "{BE990FAE-28BE-4973-A499-793B3D5E4BF7}"
EndProject
Project("{2150E333-8FDC-42A3-9474-1A3956D46DE8}") = "数据传输层", "数据传输层", "{30E470AC-914E-4D59-88EE-E3E2B027F5F9}"
EndProject
Project("{2150E333-8FDC-42A3-9474-1A3956D46DE8}") = "业务层", "业务层", "{E0D57CEE-6BCA-41BD-AB62-253FB578CC8B}"
EndProject
Project("{2150E333-8FDC-42A3-9474-1A3956D46DE8}") = "注入层", "注入层", "{B5AE2E96-8331-42F7-A9D6-768F44C46983}"
EndProject
Project("{9A19103F-16F7-4668-BE54-9A1E7A4F7556}") = "NewSchoolLive.Api", "NewSchoolLive.Api\NewSchoolLive.Api.csproj", "{F6007ED8-0696-4A79-986A-2AA5ECFD38D8}"
EndProject
Project("{9A19103F-16F7-4668-BE54-9A1E7A4F7556}") = "NewSchoolLive.IRepository", "NewSchoolLive.IRepository\NewSchoolLive.IRepository.csproj", "{628E90E3-D99D-4F10-BB91-0745CD43E256}"
EndProject
Project("{9A19103F-16F7-4668-BE54-9A1E7A4F7556}") = "NewSchoolLive.Repository", "NewSchoolLive.Repository\NewSchoolLive.Repository.csproj", "{2E0D73F6-2B58-4246-A72D-3BAC7735E9BB}"
EndProject
Project("{9A19103F-16F7-4668-BE54-9A1E7A4F7556}") = "NewSchoolLive.Model", "NewSchoolLive.Model\NewSchoolLive.Model.csproj", "{B6D49F84-C6AC-45A0-94E7-1993389AD9F6}"
EndProject
Project("{9A19103F-16F7-4668-BE54-9A1E7A4F7556}") = "NewSchoolLive.IService", "NewSchoolLive.IService\NewSchoolLive.IService.csproj", "{ABFCCD50-2DA6-40BF-951B-AC2CD09A73BD}"
EndProject
Project("{9A19103F-16F7-4668-BE54-9A1E7A4F7556}") = "NewSchoolLive.Service", "NewSchoolLive.Service\NewSchoolLive.Service.csproj", "{8C854857-F827-4AAF-B4B1-9C7E3289998B}"
EndProject
Project("{9A19103F-16F7-4668-BE54-9A1E7A4F7556}") = "NewSchoolLive.DtoModel", "NewSchoolLive.DtoModel\NewSchoolLive.DtoModel.csproj", "{9C2980B5-EF46-466F-A63C-82A52A063452}"
EndProject
Project("{9A19103F-16F7-4668-BE54-9A1E7A4F7556}") = "NewSchoolLive.Common", "NewSchoolLive.Common\NewSchoolLive.Common.csproj", "{7F460349-AFCF-4E95-9CFA-FF981BEF858A}"
EndProject
Project("{9A19103F-16F7-4668-BE54-9A1E7A4F7556}") = "NewSchoolLive.IOC", "NewSchoolLive.IOC\NewSchoolLive.IOC.csproj", "{19C22767-1733-4718-A581-6D5FF1F62A03}"
EndProject
Project("{9A19103F-16F7-4668-BE54-9A1E7A4F7556}") = "NewSchoolLive.IdentityService", "NewSchoolLive.IdentityService\NewSchoolLive.IdentityService.csproj", "{A4F2A805-3EF9-4D15-807C-31BEADE2264A}"
EndProject
Project("{9A19103F-16F7-4668-BE54-9A1E7A4F7556}") = "NewSchoolLive.ServiceCollection", "NewSchoolLive.ServiceCollection\NewSchoolLive.ServiceCollection.csproj", "{38ADBEA0-4355-4D97-AEFE-0F4F05C5B537}"
EndProject
Project("{FAE04EC0-301F-11D3-BF4B-00C04F79EFBC}") = "NewSchoolLive.RabbitMQ", "NewSchoolLive.RabbitMQ\NewSchoolLive.RabbitMQ.csproj", "{607222F6-D26A-47A3-A06F-9EA919F0966F}"
EndProject
Global
	GlobalSection(SolutionConfigurationPlatforms) = preSolution
		Debug|Any CPU = Debug|Any CPU
		Release|Any CPU = Release|Any CPU
	EndGlobalSection
	GlobalSection(ProjectConfigurationPlatforms) = postSolution
		{F6007ED8-0696-4A79-986A-2AA5ECFD38D8}.Debug|Any CPU.ActiveCfg = Debug|Any CPU
		{F6007ED8-0696-4A79-986A-2AA5ECFD38D8}.Debug|Any CPU.Build.0 = Debug|Any CPU
		{F6007ED8-0696-4A79-986A-2AA5ECFD38D8}.Release|Any CPU.ActiveCfg = Release|Any CPU
		{F6007ED8-0696-4A79-986A-2AA5ECFD38D8}.Release|Any CPU.Build.0 = Release|Any CPU
		{628E90E3-D99D-4F10-BB91-0745CD43E256}.Debug|Any CPU.ActiveCfg = Debug|Any CPU
		{628E90E3-D99D-4F10-BB91-0745CD43E256}.Debug|Any CPU.Build.0 = Debug|Any CPU
		{628E90E3-D99D-4F10-BB91-0745CD43E256}.Release|Any CPU.ActiveCfg = Release|Any CPU
		{628E90E3-D99D-4F10-BB91-0745CD43E256}.Release|Any CPU.Build.0 = Release|Any CPU
		{2E0D73F6-2B58-4246-A72D-3BAC7735E9BB}.Debug|Any CPU.ActiveCfg = Debug|Any CPU
		{2E0D73F6-2B58-4246-A72D-3BAC7735E9BB}.Debug|Any CPU.Build.0 = Debug|Any CPU
		{2E0D73F6-2B58-4246-A72D-3BAC7735E9BB}.Release|Any CPU.ActiveCfg = Release|Any CPU
		{2E0D73F6-2B58-4246-A72D-3BAC7735E9BB}.Release|Any CPU.Build.0 = Release|Any CPU
		{B6D49F84-C6AC-45A0-94E7-1993389AD9F6}.Debug|Any CPU.ActiveCfg = Debug|Any CPU
		{B6D49F84-C6AC-45A0-94E7-1993389AD9F6}.Debug|Any CPU.Build.0 = Debug|Any CPU
		{B6D49F84-C6AC-45A0-94E7-1993389AD9F6}.Release|Any CPU.ActiveCfg = Release|Any CPU
		{B6D49F84-C6AC-45A0-94E7-1993389AD9F6}.Release|Any CPU.Build.0 = Release|Any CPU
		{ABFCCD50-2DA6-40BF-951B-AC2CD09A73BD}.Debug|Any CPU.ActiveCfg = Debug|Any CPU
		{ABFCCD50-2DA6-40BF-951B-AC2CD09A73BD}.Debug|Any CPU.Build.0 = Debug|Any CPU
		{ABFCCD50-2DA6-40BF-951B-AC2CD09A73BD}.Release|Any CPU.ActiveCfg = Release|Any CPU
		{ABFCCD50-2DA6-40BF-951B-AC2CD09A73BD}.Release|Any CPU.Build.0 = Release|Any CPU
		{8C854857-F827-4AAF-B4B1-9C7E3289998B}.Debug|Any CPU.ActiveCfg = Debug|Any CPU
		{8C854857-F827-4AAF-B4B1-9C7E3289998B}.Debug|Any CPU.Build.0 = Debug|Any CPU
		{8C854857-F827-4AAF-B4B1-9C7E3289998B}.Release|Any CPU.ActiveCfg = Release|Any CPU
		{8C854857-F827-4AAF-B4B1-9C7E3289998B}.Release|Any CPU.Build.0 = Release|Any CPU
		{9C2980B5-EF46-466F-A63C-82A52A063452}.Debug|Any CPU.ActiveCfg = Debug|Any CPU
		{9C2980B5-EF46-466F-A63C-82A52A063452}.Debug|Any CPU.Build.0 = Debug|Any CPU
		{9C2980B5-EF46-466F-A63C-82A52A063452}.Release|Any CPU.ActiveCfg = Release|Any CPU
		{9C2980B5-EF46-466F-A63C-82A52A063452}.Release|Any CPU.Build.0 = Release|Any CPU
		{7F460349-AFCF-4E95-9CFA-FF981BEF858A}.Debug|Any CPU.ActiveCfg = Debug|Any CPU
		{7F460349-AFCF-4E95-9CFA-FF981BEF858A}.Debug|Any CPU.Build.0 = Debug|Any CPU
		{7F460349-AFCF-4E95-9CFA-FF981BEF858A}.Release|Any CPU.ActiveCfg = Release|Any CPU
		{7F460349-AFCF-4E95-9CFA-FF981BEF858A}.Release|Any CPU.Build.0 = Release|Any CPU
		{19C22767-1733-4718-A581-6D5FF1F62A03}.Debug|Any CPU.ActiveCfg = Debug|Any CPU
		{19C22767-1733-4718-A581-6D5FF1F62A03}.Debug|Any CPU.Build.0 = Debug|Any CPU
		{19C22767-1733-4718-A581-6D5FF1F62A03}.Release|Any CPU.ActiveCfg = Release|Any CPU
		{19C22767-1733-4718-A581-6D5FF1F62A03}.Release|Any CPU.Build.0 = Release|Any CPU
		{A4F2A805-3EF9-4D15-807C-31BEADE2264A}.Debug|Any CPU.ActiveCfg = Debug|Any CPU
		{A4F2A805-3EF9-4D15-807C-31BEADE2264A}.Debug|Any CPU.Build.0 = Debug|Any CPU
		{A4F2A805-3EF9-4D15-807C-31BEADE2264A}.Release|Any CPU.ActiveCfg = Release|Any CPU
		{A4F2A805-3EF9-4D15-807C-31BEADE2264A}.Release|Any CPU.Build.0 = Release|Any CPU
		{38ADBEA0-4355-4D97-AEFE-0F4F05C5B537}.Debug|Any CPU.ActiveCfg = Debug|Any CPU
		{38ADBEA0-4355-4D97-AEFE-0F4F05C5B537}.Debug|Any CPU.Build.0 = Debug|Any CPU
		{38ADBEA0-4355-4D97-AEFE-0F4F05C5B537}.Release|Any CPU.ActiveCfg = Release|Any CPU
		{38ADBEA0-4355-4D97-AEFE-0F4F05C5B537}.Release|Any CPU.Build.0 = Release|Any CPU
		{607222F6-D26A-47A3-A06F-9EA919F0966F}.Debug|Any CPU.ActiveCfg = Debug|Any CPU
		{607222F6-D26A-47A3-A06F-9EA919F0966F}.Debug|Any CPU.Build.0 = Debug|Any CPU
		{607222F6-D26A-47A3-A06F-9EA919F0966F}.Release|Any CPU.ActiveCfg = Release|Any CPU
		{607222F6-D26A-47A3-A06F-9EA919F0966F}.Release|Any CPU.Build.0 = Release|Any CPU
	EndGlobalSection
	GlobalSection(SolutionProperties) = preSolution
		HideSolutionNode = FALSE
	EndGlobalSection
	GlobalSection(NestedProjects) = preSolution
		{F6007ED8-0696-4A79-986A-2AA5ECFD38D8} = {A272A892-E795-42BC-A1C9-3399B4FCF3A9}
		{628E90E3-D99D-4F10-BB91-0745CD43E256} = {ED12F82B-6C35-4203-A6D8-D3E0B45290B6}
		{2E0D73F6-2B58-4246-A72D-3BAC7735E9BB} = {ED12F82B-6C35-4203-A6D8-D3E0B45290B6}
		{B6D49F84-C6AC-45A0-94E7-1993389AD9F6} = {BE990FAE-28BE-4973-A499-793B3D5E4BF7}
		{ABFCCD50-2DA6-40BF-951B-AC2CD09A73BD} = {E0D57CEE-6BCA-41BD-AB62-253FB578CC8B}
		{8C854857-F827-4AAF-B4B1-9C7E3289998B} = {E0D57CEE-6BCA-41BD-AB62-253FB578CC8B}
		{9C2980B5-EF46-466F-A63C-82A52A063452} = {30E470AC-914E-4D59-88EE-E3E2B027F5F9}
		{7F460349-AFCF-4E95-9CFA-FF981BEF858A} = {87B957F2-AA26-4579-BD1D-6334A4B05C47}
		{19C22767-1733-4718-A581-6D5FF1F62A03} = {B5AE2E96-8331-42F7-A9D6-768F44C46983}
		{A4F2A805-3EF9-4D15-807C-31BEADE2264A} = {A272A892-E795-42BC-A1C9-3399B4FCF3A9}
		{38ADBEA0-4355-4D97-AEFE-0F4F05C5B537} = {87B957F2-AA26-4579-BD1D-6334A4B05C47}
		{607222F6-D26A-47A3-A06F-9EA919F0966F} = {87B957F2-AA26-4579-BD1D-6334A4B05C47}
	EndGlobalSection
	GlobalSection(ExtensibilityGlobals) = postSolution
		SolutionGuid = {B98C09C6-9BBE-4767-90F7-64FBE66670FA}
	EndGlobalSection
EndGlobal
